
Microsoft Visual Studio Solution File, Format Version 12.00
# Visual Studio Version 17
VisualStudioVersion = 17.14.36310.24
MinimumVisualStudioVersion = 10.0.40219.1
Project("{FAE04EC0-301F-11D3-BF4B-00C04F79EFBC}") = "ruby-plotter.app", "ruby-plotter.app\ruby-plotter.app.csproj", "{427CD3CA-1328-4A01-904A-8AFC17C80968}"
EndProject
Global
	GlobalSection(SolutionConfigurationPlatforms) = preSolution
		Debug|Any CPU = Debug|Any CPU
		Release|Any CPU = Release|Any CPU
	EndGlobalSection
	GlobalSection(ProjectConfigurationPlatforms) = postSolution
		{427CD3CA-1328-4A01-904A-8AFC17C80968}.Debug|Any CPU.ActiveCfg = Debug|Any CPU
		{427CD3CA-1328-4A01-904A-8AFC17C80968}.Debug|Any CPU.Build.0 = Debug|Any CPU
		{427CD3CA-1328-4A01-904A-8AFC17C80968}.Release|Any CPU.ActiveCfg = Release|Any CPU
		{427CD3CA-1328-4A01-904A-8AFC17C80968}.Release|Any CPU.Build.0 = Release|Any CPU
	EndGlobalSection
	GlobalSection(SolutionProperties) = preSolution
		HideSolutionNode = FALSE
	EndGlobalSection
	GlobalSection(ExtensibilityGlobals) = postSolution
		SolutionGuid = {5AF07DAC-F9BF-474F-AD70-E881F26D6F34}
	EndGlobalSection
EndGlobal
